
Microsoft Visual Studio Solution File, Format Version 12.00
# Visual Studio 15
VisualStudioVersion = 15.0.27428.2043
MinimumVisualStudioVersion = 10.0.40219.1
Project("{FAE04EC0-301F-11D3-BF4B-00C04F79EFBC}") = "SHHStateThumbnail", "SHHCurveThumbnail\SHHStateThumbnail.csproj", "{6204CB95-E653-4976-824C-71924F3B29FD}"
EndProject
Project("{FAE04EC0-301F-11D3-BF4B-00C04F79EFBC}") = "SHHStateDetail", "SHHCurveDetail\SHHStateDetail.csproj", "{13759A3E-3B8E-4BBA-BCDE-E517920E7DD8}"
EndProject
Project("{FAE04EC0-301F-11D3-BF4B-00C04F79EFBC}") = "WpfApp1", "WpfApp1\WpfApp1.csproj", "{DAD723F1-37C6-4F7F-8306-9BD44E2FCEE7}"
EndProject
Project("{FAE04EC0-301F-11D3-BF4B-00C04F79EFBC}") = "SHHStateCore", "SHHCurveCore\SHHStateCore.csproj", "{001EAA98-3369-4D51-B196-7CC9ECA4E892}"
EndProject
Project("{FAE04EC0-301F-11D3-BF4B-00C04F79EFBC}") = "SHHStateRes", "SHHCurveRes\SHHStateRes.csproj", "{E8B1CD5F-8985-4743-986E-B711D2AC1120}"
EndProject
Project("{FAE04EC0-301F-11D3-BF4B-00C04F79EFBC}") = "SHHStatePub", "SHHCurvePub\SHHStatePub.csproj", "{4857FD22-F6AB-4A8D-8EEA-E45E2E486DDA}"
EndProject
Project("{FAE04EC0-301F-11D3-BF4B-00C04F79EFBC}") = "SHHStatePage", "SHHCurvePage\SHHStatePage.csproj", "{390AB940-3729-4A19-A375-6D8067DE075C}"
EndProject
Project("{FAE04EC0-301F-11D3-BF4B-00C04F79EFBC}") = "SHHStateConfigPage", "SHHCurveConfigPage\SHHStateConfigPage.csproj", "{5579EBD9-EBE2-49B0-95C7-9BD8937170C6}"
EndProject
Global
	GlobalSection(SolutionConfigurationPlatforms) = preSolution
		Debug|Any CPU = Debug|Any CPU
		Debug|x64 = Debug|x64
		Debug|x86 = Debug|x86
		Release|Any CPU = Release|Any CPU
		Release|x64 = Release|x64
		Release|x86 = Release|x86
	EndGlobalSection
	GlobalSection(ProjectConfigurationPlatforms) = postSolution
		{6204CB95-E653-4976-824C-71924F3B29FD}.Debug|Any CPU.ActiveCfg = Debug|Any CPU
		{6204CB95-E653-4976-824C-71924F3B29FD}.Debug|Any CPU.Build.0 = Debug|Any CPU
		{6204CB95-E653-4976-824C-71924F3B29FD}.Debug|x64.ActiveCfg = Debug|x64
		{6204CB95-E653-4976-824C-71924F3B29FD}.Debug|x64.Build.0 = Debug|x64
		{6204CB95-E653-4976-824C-71924F3B29FD}.Debug|x86.ActiveCfg = Debug|x86
		{6204CB95-E653-4976-824C-71924F3B29FD}.Debug|x86.Build.0 = Debug|x86
		{6204CB95-E653-4976-824C-71924F3B29FD}.Release|Any CPU.ActiveCfg = Release|Any CPU
		{6204CB95-E653-4976-824C-71924F3B29FD}.Release|Any CPU.Build.0 = Release|Any CPU
		{6204CB95-E653-4976-824C-71924F3B29FD}.Release|x64.ActiveCfg = Release|x64
		{6204CB95-E653-4976-824C-71924F3B29FD}.Release|x64.Build.0 = Release|x64
		{6204CB95-E653-4976-824C-71924F3B29FD}.Release|x86.ActiveCfg = Release|x86
		{6204CB95-E653-4976-824C-71924F3B29FD}.Release|x86.Build.0 = Release|x86
		{13759A3E-3B8E-4BBA-BCDE-E517920E7DD8}.Debug|Any CPU.ActiveCfg = Debug|Any CPU
		{13759A3E-3B8E-4BBA-BCDE-E517920E7DD8}.Debug|Any CPU.Build.0 = Debug|Any CPU
		{13759A3E-3B8E-4BBA-BCDE-E517920E7DD8}.Debug|x64.ActiveCfg = Debug|x64
		{13759A3E-3B8E-4BBA-BCDE-E517920E7DD8}.Debug|x64.Build.0 = Debug|x64
		{13759A3E-3B8E-4BBA-BCDE-E517920E7DD8}.Debug|x86.ActiveCfg = Debug|x86
		{13759A3E-3B8E-4BBA-BCDE-E517920E7DD8}.Debug|x86.Build.0 = Debug|x86
		{13759A3E-3B8E-4BBA-BCDE-E517920E7DD8}.Release|Any CPU.ActiveCfg = Release|Any CPU
		{13759A3E-3B8E-4BBA-BCDE-E517920E7DD8}.Release|Any CPU.Build.0 = Release|Any CPU
		{13759A3E-3B8E-4BBA-BCDE-E517920E7DD8}.Release|x64.ActiveCfg = Release|x64
		{13759A3E-3B8E-4BBA-BCDE-E517920E7DD8}.Release|x64.Build.0 = Release|x64
		{13759A3E-3B8E-4BBA-BCDE-E517920E7DD8}.Release|x86.ActiveCfg = Release|x86
		{13759A3E-3B8E-4BBA-BCDE-E517920E7DD8}.Release|x86.Build.0 = Release|x86
		{DAD723F1-37C6-4F7F-8306-9BD44E2FCEE7}.Debug|Any CPU.ActiveCfg = Debug|Any CPU
		{DAD723F1-37C6-4F7F-8306-9BD44E2FCEE7}.Debug|Any CPU.Build.0 = Debug|Any CPU
		{DAD723F1-37C6-4F7F-8306-9BD44E2FCEE7}.Debug|x64.ActiveCfg = Debug|x64
		{DAD723F1-37C6-4F7F-8306-9BD44E2FCEE7}.Debug|x64.Build.0 = Debug|x64
		{DAD723F1-37C6-4F7F-8306-9BD44E2FCEE7}.Debug|x86.ActiveCfg = Debug|x86
		{DAD723F1-37C6-4F7F-8306-9BD44E2FCEE7}.Debug|x86.Build.0 = Debug|x86
		{DAD723F1-37C6-4F7F-8306-9BD44E2FCEE7}.Release|Any CPU.ActiveCfg = Release|Any CPU
		{DAD723F1-37C6-4F7F-8306-9BD44E2FCEE7}.Release|Any CPU.Build.0 = Release|Any CPU
		{DAD723F1-37C6-4F7F-8306-9BD44E2FCEE7}.Release|x64.ActiveCfg = Release|x64
		{DAD723F1-37C6-4F7F-8306-9BD44E2FCEE7}.Release|x64.Build.0 = Release|x64
		{DAD723F1-37C6-4F7F-8306-9BD44E2FCEE7}.Release|x86.ActiveCfg = Release|x86
		{DAD723F1-37C6-4F7F-8306-9BD44E2FCEE7}.Release|x86.Build.0 = Release|x86
		{001EAA98-3369-4D51-B196-7CC9ECA4E892}.Debug|Any CPU.ActiveCfg = Debug|Any CPU
		{001EAA98-3369-4D51-B196-7CC9ECA4E892}.Debug|Any CPU.Build.0 = Debug|Any CPU
		{001EAA98-3369-4D51-B196-7CC9ECA4E892}.Debug|x64.ActiveCfg = Debug|x64
		{001EAA98-3369-4D51-B196-7CC9ECA4E892}.Debug|x64.Build.0 = Debug|x64
		{001EAA98-3369-4D51-B196-7CC9ECA4E892}.Debug|x86.ActiveCfg = Debug|x86
		{001EAA98-3369-4D51-B196-7CC9ECA4E892}.Debug|x86.Build.0 = Debug|x86
		{001EAA98-3369-4D51-B196-7CC9ECA4E892}.Release|Any CPU.ActiveCfg = Release|Any CPU
		{001EAA98-3369-4D51-B196-7CC9ECA4E892}.Release|Any CPU.Build.0 = Release|Any CPU
		{001EAA98-3369-4D51-B196-7CC9ECA4E892}.Release|x64.ActiveCfg = Release|x64
		{001EAA98-3369-4D51-B196-7CC9ECA4E892}.Release|x64.Build.0 = Release|x64
		{001EAA98-3369-4D51-B196-7CC9ECA4E892}.Release|x86.ActiveCfg = Release|x86
		{001EAA98-3369-4D51-B196-7CC9ECA4E892}.Release|x86.Build.0 = Release|x86
		{E8B1CD5F-8985-4743-986E-B711D2AC1120}.Debug|Any CPU.ActiveCfg = Debug|Any CPU
		{E8B1CD5F-8985-4743-986E-B711D2AC1120}.Debug|Any CPU.Build.0 = Debug|Any CPU
		{E8B1CD5F-8985-4743-986E-B711D2AC1120}.Debug|x64.ActiveCfg = Debug|x64
		{E8B1CD5F-8985-4743-986E-B711D2AC1120}.Debug|x64.Build.0 = Debug|x64
		{E8B1CD5F-8985-4743-986E-B711D2AC1120}.Debug|x86.ActiveCfg = Debug|x86
		{E8B1CD5F-8985-4743-986E-B711D2AC1120}.Debug|x86.Build.0 = Debug|x86
		{E8B1CD5F-8985-4743-986E-B711D2AC1120}.Release|Any CPU.ActiveCfg = Release|Any CPU
		{E8B1CD5F-8985-4743-986E-B711D2AC1120}.Release|Any CPU.Build.0 = Release|Any CPU
		{E8B1CD5F-8985-4743-986E-B711D2AC1120}.Release|x64.ActiveCfg = Release|x64
		{E8B1CD5F-8985-4743-986E-B711D2AC1120}.Release|x64.Build.0 = Release|x64
		{E8B1CD5F-8985-4743-986E-B711D2AC1120}.Release|x86.ActiveCfg = Release|x86
		{E8B1CD5F-8985-4743-986E-B711D2AC1120}.Release|x86.Build.0 = Release|x86
		{4857FD22-F6AB-4A8D-8EEA-E45E2E486DDA}.Debug|Any CPU.ActiveCfg = Debug|Any CPU
		{4857FD22-F6AB-4A8D-8EEA-E45E2E486DDA}.Debug|Any CPU.Build.0 = Debug|Any CPU
		{4857FD22-F6AB-4A8D-8EEA-E45E2E486DDA}.Debug|x64.ActiveCfg = Debug|x64
		{4857FD22-F6AB-4A8D-8EEA-E45E2E486DDA}.Debug|x64.Build.0 = Debug|x64
		{4857FD22-F6AB-4A8D-8EEA-E45E2E486DDA}.Debug|x86.ActiveCfg = Debug|x86
		{4857FD22-F6AB-4A8D-8EEA-E45E2E486DDA}.Debug|x86.Build.0 = Debug|x86
		{4857FD22-F6AB-4A8D-8EEA-E45E2E486DDA}.Release|Any CPU.ActiveCfg = Release|Any CPU
		{4857FD22-F6AB-4A8D-8EEA-E45E2E486DDA}.Release|Any CPU.Build.0 = Release|Any CPU
		{4857FD22-F6AB-4A8D-8EEA-E45E2E486DDA}.Release|x64.ActiveCfg = Release|x64
		{4857FD22-F6AB-4A8D-8EEA-E45E2E486DDA}.Release|x64.Build.0 = Release|x64
		{4857FD22-F6AB-4A8D-8EEA-E45E2E486DDA}.Release|x86.ActiveCfg = Release|x86
		{4857FD22-F6AB-4A8D-8EEA-E45E2E486DDA}.Release|x86.Build.0 = Release|x86
		{390AB940-3729-4A19-A375-6D8067DE075C}.Debug|Any CPU.ActiveCfg = Debug|Any CPU
		{390AB940-3729-4A19-A375-6D8067DE075C}.Debug|Any CPU.Build.0 = Debug|Any CPU
		{390AB940-3729-4A19-A375-6D8067DE075C}.Debug|x64.ActiveCfg = Debug|x64
		{390AB940-3729-4A19-A375-6D8067DE075C}.Debug|x64.Build.0 = Debug|x64
		{390AB940-3729-4A19-A375-6D8067DE075C}.Debug|x86.ActiveCfg = Debug|x86
		{390AB940-3729-4A19-A375-6D8067DE075C}.Debug|x86.Build.0 = Debug|x86
		{390AB940-3729-4A19-A375-6D8067DE075C}.Release|Any CPU.ActiveCfg = Release|Any CPU
		{390AB940-3729-4A19-A375-6D8067DE075C}.Release|Any CPU.Build.0 = Release|Any CPU
		{390AB940-3729-4A19-A375-6D8067DE075C}.Release|x64.ActiveCfg = Release|x64
		{390AB940-3729-4A19-A375-6D8067DE075C}.Release|x64.Build.0 = Release|x64
		{390AB940-3729-4A19-A375-6D8067DE075C}.Release|x86.ActiveCfg = Release|x86
		{390AB940-3729-4A19-A375-6D8067DE075C}.Release|x86.Build.0 = Release|x86
		{5579EBD9-EBE2-49B0-95C7-9BD8937170C6}.Debug|Any CPU.ActiveCfg = Debug|Any CPU
		{5579EBD9-EBE2-49B0-95C7-9BD8937170C6}.Debug|Any CPU.Build.0 = Debug|Any CPU
		{5579EBD9-EBE2-49B0-95C7-9BD8937170C6}.Debug|x64.ActiveCfg = Debug|x64
		{5579EBD9-EBE2-49B0-95C7-9BD8937170C6}.Debug|x64.Build.0 = Debug|x64
		{5579EBD9-EBE2-49B0-95C7-9BD8937170C6}.Debug|x86.ActiveCfg = Debug|x86
		{5579EBD9-EBE2-49B0-95C7-9BD8937170C6}.Debug|x86.Build.0 = Debug|x86
		{5579EBD9-EBE2-49B0-95C7-9BD8937170C6}.Release|Any CPU.ActiveCfg = Release|Any CPU
		{5579EBD9-EBE2-49B0-95C7-9BD8937170C6}.Release|Any CPU.Build.0 = Release|Any CPU
		{5579EBD9-EBE2-49B0-95C7-9BD8937170C6}.Release|x64.ActiveCfg = Release|x64
		{5579EBD9-EBE2-49B0-95C7-9BD8937170C6}.Release|x64.Build.0 = Release|x64
		{5579EBD9-EBE2-49B0-95C7-9BD8937170C6}.Release|x86.ActiveCfg = Release|x86
		{5579EBD9-EBE2-49B0-95C7-9BD8937170C6}.Release|x86.Build.0 = Release|x86
	EndGlobalSection
	GlobalSection(SolutionProperties) = preSolution
		HideSolutionNode = FALSE
	EndGlobalSection
	GlobalSection(ExtensibilityGlobals) = postSolution
		SolutionGuid = {05ECEC72-54D9-4788-A323-D443E9534300}
	EndGlobalSection
EndGlobal
